{
  "name": "dm-custom-embed",
  "version": "1.0.0",
  "lockfileVersion": 1,
  "requires": true,
  "dependencies": {
    "@dmvs-apac/dm-custom-embed": {
      "version": "1.0.1",
      "resolved": "https://registry.npmjs.org/@dmvs-apac/dm-custom-embed/-/dm-custom-embed-1.0.1.tgz",
      "integrity": "sha512-Fa9HCQbws5ja4DDC30AaU7TxcCby7f0QZTfRq2SRkNUCN8cdlAK7Qxa8OfHqwVyYJxTY8aLsj5okntvtF4ALww=="
    }
  }
}
